// !$*UTF8*$!
{
	archiveVersion = 1;
	classes = {
	};
	objectVersion = 46;
	objects = {

/* Begin PBXBuildFile section */
		1AB277871CCA291C0091566B /* ofxBaseGui.cpp in Sources */ = {isa = PBXBuildFile; fileRef = 1AB277761CCA291C0091566B /* ofxBaseGui.cpp */; };
		1AB277881CCA291C0091566B /* ofxButton.cpp in Sources */ = {isa = PBXBuildFile; fileRef = 1AB277781CCA291C0091566B /* ofxButton.cpp */; };
		1AB277891CCA291C0091566B /* ofxGuiGroup.cpp in Sources */ = {isa = PBXBuildFile; fileRef = 1AB2777B1CCA291C0091566B /* ofxGuiGroup.cpp */; };
		1AB2778A1CCA291C0091566B /* ofxLabel.cpp in Sources */ = {isa = PBXBuildFile; fileRef = 1AB2777D1CCA291C0091566B /* ofxLabel.cpp */; };
		1AB2778B1CCA291C0091566B /* ofxPanel.cpp in Sources */ = {isa = PBXBuildFile; fileRef = 1AB2777F1CCA291C0091566B /* ofxPanel.cpp */; };
		1AB2778C1CCA291C0091566B /* ofxSlider.cpp in Sources */ = {isa = PBXBuildFile; fileRef = 1AB277811CCA291C0091566B /* ofxSlider.cpp */; };
		1AB2778D1CCA291C0091566B /* ofxSliderGroup.cpp in Sources */ = {isa = PBXBuildFile; fileRef = 1AB277831CCA291C0091566B /* ofxSliderGroup.cpp */; };
		1AB2778E1CCA291C0091566B /* ofxToggle.cpp in Sources */ = {isa = PBXBuildFile; fileRef = 1AB277851CCA291C0091566B /* ofxToggle.cpp */; };
		522FFFB6EB3DA57CCB07EF9A /* stb_truetype.c in Sources */ = {isa = PBXBuildFile; fileRef = DC55FEC740DD28FBDD2D4406 /* stb_truetype.c */; };
		7B388D550037229D99E7F52A /* ofxFontStash.cpp in Sources */ = {isa = PBXBuildFile; fileRef = D8A535D3474A0EAB684CAC5D /* ofxFontStash.cpp */; };
		801397981E78A4CBDE809376 /* fontstash.c in Sources */ = {isa = PBXBuildFile; fileRef = D5AE78144E3980BD0B4445D7 /* fontstash.c */; };
		AD7CCE180C5BEF646A1B62E1 /* ofUTF8.cpp in Sources */ = {isa = PBXBuildFile; fileRef = 45FD7CA9F83C2CD563A7A5F4 /* ofUTF8.cpp */; };
		B0F2688D773B5C8FB13237F8 /* ofTextConverter.cpp in Sources */ = {isa = PBXBuildFile; fileRef = 8BF1B7E7C1C21FE45AB73E04 /* ofTextConverter.cpp */; };
		E4328149138ABC9F0047C5CB /* openFrameworksDebug.a in Frameworks */ = {isa = PBXBuildFile; fileRef = E4328148138ABC890047C5CB /* openFrameworksDebug.a */; };
		E4B69E200A3A1BDC003C02F2 /* main.cpp in Sources */ = {isa = PBXBuildFile; fileRef = E4B69E1D0A3A1BDC003C02F2 /* main.cpp */; };
		E4B69E210A3A1BDC003C02F2 /* ofApp.cpp in Sources */ = {isa = PBXBuildFile; fileRef = E4B69E1E0A3A1BDC003C02F2 /* ofApp.cpp */; };
		E5ED3EB59D95734816575F02 /* ofxUnicode.cpp in Sources */ = {isa = PBXBuildFile; fileRef = BF5ED97D22CC6C9BE6B5B00B /* ofxUnicode.cpp */; };
/* End PBXBuildFile section */

/* Begin PBXContainerItemProxy section */
		E4328147138ABC890047C5CB /* PBXContainerItemProxy */ = {
			isa = PBXContainerItemProxy;
			containerPortal = E4328143138ABC890047C5CB /* openFrameworksLib.xcodeproj */;
			proxyType = 2;
			remoteGlobalIDString = E4B27C1510CBEB8E00536013;
			remoteInfo = openFrameworks;
		};
		E4EEB9AB138B136A00A80321 /* PBXContainerItemProxy */ = {
			isa = PBXContainerItemProxy;
			containerPortal = E4328143138ABC890047C5CB /* openFrameworksLib.xcodeproj */;
			proxyType = 1;
			remoteGlobalIDString = E4B27C1410CBEB8E00536013;
			remoteInfo = openFrameworks;
		};
/* End PBXContainerItemProxy section */

/* Begin PBXCopyFilesBuildPhase section */
		E4C2427710CC5ABF004149E2 /* CopyFiles */ = {
			isa = PBXCopyFilesBuildPhase;
			buildActionMask = 2147483647;
			dstPath = "";
			dstSubfolderSpec = 10;
			files = (
			);
			runOnlyForDeploymentPostprocessing = 0;
		};
/* End PBXCopyFilesBuildPhase section */

/* Begin PBXFileReference section */
		0515C14AC6601810E14A06E9 /* unchecked.h */ = {isa = PBXFileReference; explicitFileType = sourcecode.c.h; fileEncoding = 30; name = unchecked.h; path = ../../../addons/ofxUnicode/libs/utf8cpp/include/utf8/unchecked.h; sourceTree = SOURCE_ROOT; };
		093C39E85E4407D3C432539E /* ofxFontStash.h */ = {isa = PBXFileReference; explicitFileType = sourcecode.c.h; fileEncoding = 30; name = ofxFontStash.h; path = ../../../addons/ofxFontStash/src/ofxFontStash.h; sourceTree = SOURCE_ROOT; };
		11D8E2992E2E3FC07AE1D0E5 /* core.h */ = {isa = PBXFileReference; explicitFileType = sourcecode.c.h; fileEncoding = 30; name = core.h; path = ../../../addons/ofxUnicode/libs/utf8cpp/src/utf8_v2_3_1/source/utf8/core.h; sourceTree = SOURCE_ROOT; };
		1AB277761CCA291C0091566B /* ofxBaseGui.cpp */ = {isa = PBXFileReference; lastKnownFileType = sourcecode.cpp.cpp; path = ofxBaseGui.cpp; sourceTree = "<group>"; };
		1AB277771CCA291C0091566B /* ofxBaseGui.h */ = {isa = PBXFileReference; lastKnownFileType = sourcecode.c.h; path = ofxBaseGui.h; sourceTree = "<group>"; };
		1AB277781CCA291C0091566B /* ofxButton.cpp */ = {isa = PBXFileReference; lastKnownFileType = sourcecode.cpp.cpp; path = ofxButton.cpp; sourceTree = "<group>"; };
		1AB277791CCA291C0091566B /* ofxButton.h */ = {isa = PBXFileReference; lastKnownFileType = sourcecode.c.h; path = ofxButton.h; sourceTree = "<group>"; };
		1AB2777A1CCA291C0091566B /* ofxGui.h */ = {isa = PBXFileReference; lastKnownFileType = sourcecode.c.h; path = ofxGui.h; sourceTree = "<group>"; };
		1AB2777B1CCA291C0091566B /* ofxGuiGroup.cpp */ = {isa = PBXFileReference; lastKnownFileType = sourcecode.cpp.cpp; path = ofxGuiGroup.cpp; sourceTree = "<group>"; };
		1AB2777C1CCA291C0091566B /* ofxGuiGroup.h */ = {isa = PBXFileReference; lastKnownFileType = sourcecode.c.h; path = ofxGuiGroup.h; sourceTree = "<group>"; };
		1AB2777D1CCA291C0091566B /* ofxLabel.cpp */ = {isa = PBXFileReference; lastKnownFileType = sourcecode.cpp.cpp; path = ofxLabel.cpp; sourceTree = "<group>"; };
		1AB2777E1CCA291C0091566B /* ofxLabel.h */ = {isa = PBXFileReference; lastKnownFileType = sourcecode.c.h; path = ofxLabel.h; sourceTree = "<group>"; };
		1AB2777F1CCA291C0091566B /* ofxPanel.cpp */ = {isa = PBXFileReference; lastKnownFileType = sourcecode.cpp.cpp; path = ofxPanel.cpp; sourceTree = "<group>"; };
		1AB277801CCA291C0091566B /* ofxPanel.h */ = {isa = PBXFileReference; lastKnownFileType = sourcecode.c.h; path = ofxPanel.h; sourceTree = "<group>"; };
		1AB277811CCA291C0091566B /* ofxSlider.cpp */ = {isa = PBXFileReference; lastKnownFileType = sourcecode.cpp.cpp; path = ofxSlider.cpp; sourceTree = "<group>"; };
		1AB277821CCA291C0091566B /* ofxSlider.h */ = {isa = PBXFileReference; lastKnownFileType = sourcecode.c.h; path = ofxSlider.h; sourceTree = "<group>"; };
		1AB277831CCA291C0091566B /* ofxSliderGroup.cpp */ = {isa = PBXFileReference; lastKnownFileType = sourcecode.cpp.cpp; path = ofxSliderGroup.cpp; sourceTree = "<group>"; };
		1AB277841CCA291C0091566B /* ofxSliderGroup.h */ = {isa = PBXFileReference; lastKnownFileType = sourcecode.c.h; path = ofxSliderGroup.h; sourceTree = "<group>"; };
		1AB277851CCA291C0091566B /* ofxToggle.cpp */ = {isa = PBXFileReference; lastKnownFileType = sourcecode.cpp.cpp; path = ofxToggle.cpp; sourceTree = "<group>"; };
		1AB277861CCA291C0091566B /* ofxToggle.h */ = {isa = PBXFileReference; lastKnownFileType = sourcecode.c.h; path = ofxToggle.h; sourceTree = "<group>"; };
		1EE77CC72B6BF6921CD961C9 /* ofUTF8.h */ = {isa = PBXFileReference; explicitFileType = sourcecode.c.h; fileEncoding = 30; name = ofUTF8.h; path = ../../../addons/ofxUnicode/src/ofUTF8.h; sourceTree = SOURCE_ROOT; };
		26207A0EB54CBAAF59F96A82 /* checked.h */ = {isa = PBXFileReference; explicitFileType = sourcecode.c.h; fileEncoding = 30; name = checked.h; path = ../../../addons/ofxUnicode/libs/utf8cpp/src/utf8_v2_3_1/source/utf8/checked.h; sourceTree = SOURCE_ROOT; };
		2A290CAAF51BCF4C00277C55 /* ofTextConverter.h */ = {isa = PBXFileReference; explicitFileType = sourcecode.c.h; fileEncoding = 30; name = ofTextConverter.h; path = ../../../addons/ofxUnicode/src/ofTextConverter.h; sourceTree = SOURCE_ROOT; };
		2E0D84EF6FDDA146459B2400 /* unchecked.h */ = {isa = PBXFileReference; explicitFileType = sourcecode.c.h; fileEncoding = 30; name = unchecked.h; path = ../../../addons/ofxUnicode/libs/utf8cpp/src/utf8_v2_3_1/source/utf8/unchecked.h; sourceTree = SOURCE_ROOT; };
		320D5EBCA33717CE18A5A084 /* checked.h */ = {isa = PBXFileReference; explicitFileType = sourcecode.c.h; fileEncoding = 30; name = checked.h; path = ../../../addons/ofxUnicode/libs/utf8cpp/include/utf8/checked.h; sourceTree = SOURCE_ROOT; };
		45FD7CA9F83C2CD563A7A5F4 /* ofUTF8.cpp */ = {isa = PBXFileReference; explicitFileType = sourcecode.cpp.cpp; fileEncoding = 30; name = ofUTF8.cpp; path = ../../../addons/ofxUnicode/src/ofUTF8.cpp; sourceTree = SOURCE_ROOT; };
		60D80F2B6DD0B2BD8186BADD /* core.h */ = {isa = PBXFileReference; explicitFileType = sourcecode.c.h; fileEncoding = 30; name = core.h; path = ../../../addons/ofxUnicode/libs/utf8cpp/include/utf8/core.h; sourceTree = SOURCE_ROOT; };
		8BF1B7E7C1C21FE45AB73E04 /* ofTextConverter.cpp */ = {isa = PBXFileReference; explicitFileType = sourcecode.cpp.cpp; fileEncoding = 30; name = ofTextConverter.cpp; path = ../../../addons/ofxUnicode/src/ofTextConverter.cpp; sourceTree = SOURCE_ROOT; };
		973BD95D5ED93E71B227038E /* utf8.h */ = {isa = PBXFileReference; explicitFileType = sourcecode.c.h; fileEncoding = 30; name = utf8.h; path = ../../../addons/ofxUnicode/libs/utf8cpp/src/utf8_v2_3_1/source/utf8.h; sourceTree = SOURCE_ROOT; };
		98B25A7A7707F1484A3FE476 /* ofxUnicode.h */ = {isa = PBXFileReference; explicitFileType = sourcecode.c.h; fileEncoding = 30; name = ofxUnicode.h; path = ../../../addons/ofxUnicode/src/ofxUnicode.h; sourceTree = SOURCE_ROOT; };
		9B3F7D0AAB9DF619553ADA1B /* fontstash.h */ = {isa = PBXFileReference; explicitFileType = sourcecode.c.h; fileEncoding = 30; name = fontstash.h; path = ../../../addons/ofxFontStash/libs/fontstash/src/fontstash.h; sourceTree = SOURCE_ROOT; };
		BDA8CA36896AACFB09C55252 /* stb_truetype.h */ = {isa = PBXFileReference; explicitFileType = sourcecode.c.h; fileEncoding = 30; name = stb_truetype.h; path = ../../../addons/ofxFontStash/libs/fontstash/src/stb_truetype.h; sourceTree = SOURCE_ROOT; };
		BF5ED97D22CC6C9BE6B5B00B /* ofxUnicode.cpp */ = {isa = PBXFileReference; explicitFileType = sourcecode.cpp.cpp; fileEncoding = 30; name = ofxUnicode.cpp; path = ../../../addons/ofxUnicode/src/ofxUnicode.cpp; sourceTree = SOURCE_ROOT; };
		D5AE78144E3980BD0B4445D7 /* fontstash.c */ = {isa = PBXFileReference; explicitFileType = sourcecode.c.c; fileEncoding = 30; name = fontstash.c; path = ../../../addons/ofxFontStash/libs/fontstash/src/fontstash.c; sourceTree = SOURCE_ROOT; };
		D8A535D3474A0EAB684CAC5D /* ofxFontStash.cpp */ = {isa = PBXFileReference; explicitFileType = sourcecode.cpp.cpp; fileEncoding = 30; name = ofxFontStash.cpp; path = ../../../addons/ofxFontStash/src/ofxFontStash.cpp; sourceTree = SOURCE_ROOT; };
		DC55FEC740DD28FBDD2D4406 /* stb_truetype.c */ = {isa = PBXFileReference; explicitFileType = sourcecode.c.c; fileEncoding = 30; name = stb_truetype.c; path = ../../../addons/ofxFontStash/libs/fontstash/src/stb_truetype.c; sourceTree = SOURCE_ROOT; };
		E4328143138ABC890047C5CB /* openFrameworksLib.xcodeproj */ = {isa = PBXFileReference; lastKnownFileType = "wrapper.pb-project"; name = openFrameworksLib.xcodeproj; path = ../../../libs/openFrameworksCompiled/project/osx/openFrameworksLib.xcodeproj; sourceTree = SOURCE_ROOT; };
		E4B69B5B0A3A1756003C02F2 /* test_FontStashDebug.app */ = {isa = PBXFileReference; explicitFileType = wrapper.application; includeInIndex = 0; path = test_FontStashDebug.app; sourceTree = BUILT_PRODUCTS_DIR; };
		E4B69E1D0A3A1BDC003C02F2 /* main.cpp */ = {isa = PBXFileReference; fileEncoding = 30; lastKnownFileType = sourcecode.cpp.cpp; name = main.cpp; path = src/main.cpp; sourceTree = SOURCE_ROOT; };
		E4B69E1E0A3A1BDC003C02F2 /* ofApp.cpp */ = {isa = PBXFileReference; explicitFileType = sourcecode.cpp.cpp; fileEncoding = 30; name = ofApp.cpp; path = src/ofApp.cpp; sourceTree = SOURCE_ROOT; };
		E4B69E1F0A3A1BDC003C02F2 /* ofApp.h */ = {isa = PBXFileReference; fileEncoding = 30; lastKnownFileType = sourcecode.c.h; name = ofApp.h; path = src/ofApp.h; sourceTree = SOURCE_ROOT; };
		E4B6FCAD0C3E899E008CF71C /* openFrameworks-Info.plist */ = {isa = PBXFileReference; fileEncoding = 30; lastKnownFileType = text.plist.xml; path = "openFrameworks-Info.plist"; sourceTree = "<group>"; };
		E4EB691F138AFCF100A09F29 /* CoreOF.xcconfig */ = {isa = PBXFileReference; fileEncoding = 4; lastKnownFileType = text.xcconfig; name = CoreOF.xcconfig; path = ../../../libs/openFrameworksCompiled/project/osx/CoreOF.xcconfig; sourceTree = SOURCE_ROOT; };
		E4EB6923138AFD0F00A09F29 /* Project.xcconfig */ = {isa = PBXFileReference; fileEncoding = 4; lastKnownFileType = text.xcconfig; path = Project.xcconfig; sourceTree = "<group>"; };
		E8BFFBD7382B36DC6B6B876E /* utf8.h */ = {isa = PBXFileReference; explicitFileType = sourcecode.c.h; fileEncoding = 30; name = utf8.h; path = ../../../addons/ofxUnicode/libs/utf8cpp/include/utf8.h; sourceTree = SOURCE_ROOT; };
/* End PBXFileReference section */

/* Begin PBXFrameworksBuildPhase section */
		E4B69B590A3A1756003C02F2 /* Frameworks */ = {
			isa = PBXFrameworksBuildPhase;
			buildActionMask = 2147483647;
			files = (
				E4328149138ABC9F0047C5CB /* openFrameworksDebug.a in Frameworks */,
			);
			runOnlyForDeploymentPostprocessing = 0;
		};
/* End PBXFrameworksBuildPhase section */

/* Begin PBXGroup section */
		018A9CEA4D5B5F89F26EADEF /* utf8_v2_3_1 */ = {
			isa = PBXGroup;
			children = (
				D3193A84FE82591D4932AA98 /* source */,
			);
			name = utf8_v2_3_1;
			sourceTree = "<group>";
		};
		1AB277741CCA291C0091566B /* ofxGui */ = {
			isa = PBXGroup;
			children = (
				1AB277751CCA291C0091566B /* src */,
			);
			name = ofxGui;
			sourceTree = "<group>";
		};
		1AB277751CCA291C0091566B /* src */ = {
			isa = PBXGroup;
			children = (
				1AB277761CCA291C0091566B /* ofxBaseGui.cpp */,
				1AB277771CCA291C0091566B /* ofxBaseGui.h */,
				1AB277781CCA291C0091566B /* ofxButton.cpp */,
				1AB277791CCA291C0091566B /* ofxButton.h */,
				1AB2777A1CCA291C0091566B /* ofxGui.h */,
				1AB2777B1CCA291C0091566B /* ofxGuiGroup.cpp */,
				1AB2777C1CCA291C0091566B /* ofxGuiGroup.h */,
				1AB2777D1CCA291C0091566B /* ofxLabel.cpp */,
				1AB2777E1CCA291C0091566B /* ofxLabel.h */,
				1AB2777F1CCA291C0091566B /* ofxPanel.cpp */,
				1AB277801CCA291C0091566B /* ofxPanel.h */,
				1AB277811CCA291C0091566B /* ofxSlider.cpp */,
				1AB277821CCA291C0091566B /* ofxSlider.h */,
				1AB277831CCA291C0091566B /* ofxSliderGroup.cpp */,
				1AB277841CCA291C0091566B /* ofxSliderGroup.h */,
				1AB277851CCA291C0091566B /* ofxToggle.cpp */,
				1AB277861CCA291C0091566B /* ofxToggle.h */,
			);
			name = src;
			path = ../../../addons/ofxGui/src;
			sourceTree = "<group>";
		};
		4C084EBF7CBFDB1868AFF470 /* src */ = {
			isa = PBXGroup;
			children = (
				D5AE78144E3980BD0B4445D7 /* fontstash.c */,
				9B3F7D0AAB9DF619553ADA1B /* fontstash.h */,
				DC55FEC740DD28FBDD2D4406 /* stb_truetype.c */,
				BDA8CA36896AACFB09C55252 /* stb_truetype.h */,
			);
			name = src;
			sourceTree = "<group>";
		};
		6948EE371B920CB800B5AC1A /* local_addons */ = {
			isa = PBXGroup;
			children = (
			);
			name = local_addons;
			sourceTree = "<group>";
		};
		6AC1BBA537347FB96E2D8F8A /* libs */ = {
			isa = PBXGroup;
			children = (
				9CD605EBED2DB8D058CD1A29 /* utf8cpp */,
			);
			name = libs;
			sourceTree = "<group>";
		};
		6E3AE1A5F6F0D6F75C66C1CC /* utf8 */ = {
			isa = PBXGroup;
			children = (
				320D5EBCA33717CE18A5A084 /* checked.h */,
				60D80F2B6DD0B2BD8186BADD /* core.h */,
				0515C14AC6601810E14A06E9 /* unchecked.h */,
			);
			name = utf8;
			sourceTree = "<group>";
		};
		787C5E98195D5F7A798BEDA5 /* libs */ = {
			isa = PBXGroup;
			children = (
				A721EFB518B2BFE659AAD339 /* fontstash */,
			);
			name = libs;
			sourceTree = "<group>";
		};
		884658B2B75923C276F4F180 /* src */ = {
			isa = PBXGroup;
			children = (
				018A9CEA4D5B5F89F26EADEF /* utf8_v2_3_1 */,
			);
			name = src;
			sourceTree = "<group>";
		};
		9CD605EBED2DB8D058CD1A29 /* utf8cpp */ = {
			isa = PBXGroup;
			children = (
				E928C193989D93F56354A05C /* include */,
				884658B2B75923C276F4F180 /* src */,
			);
			name = utf8cpp;
			sourceTree = "<group>";
		};
		A721EFB518B2BFE659AAD339 /* fontstash */ = {
			isa = PBXGroup;
			children = (
				4C084EBF7CBFDB1868AFF470 /* src */,
			);
			name = fontstash;
			sourceTree = "<group>";
		};
		B55C940C88229BDF2174AE73 /* utf8 */ = {
			isa = PBXGroup;
			children = (
				26207A0EB54CBAAF59F96A82 /* checked.h */,
				11D8E2992E2E3FC07AE1D0E5 /* core.h */,
				2E0D84EF6FDDA146459B2400 /* unchecked.h */,
			);
			name = utf8;
			sourceTree = "<group>";
		};
		B7006DB7785B098B4504962B /* ofxFontStash */ = {
			isa = PBXGroup;
			children = (
				EE9FC485BA17E42108FEDBF5 /* src */,
				787C5E98195D5F7A798BEDA5 /* libs */,
			);
			name = ofxFontStash;
			sourceTree = "<group>";
		};
		BB4B014C10F69532006C3DED /* addons */ = {
			isa = PBXGroup;
			children = (
				B7006DB7785B098B4504962B /* ofxFontStash */,
				DC83E36DCD9D09FB0842EE71 /* ofxUnicode */,
				1AB277741CCA291C0091566B /* ofxGui */,
			);
			name = addons;
			sourceTree = "<group>";
		};
		D3193A84FE82591D4932AA98 /* source */ = {
			isa = PBXGroup;
			children = (
				B55C940C88229BDF2174AE73 /* utf8 */,
				973BD95D5ED93E71B227038E /* utf8.h */,
			);
			name = source;
			sourceTree = "<group>";
		};
		DC83E36DCD9D09FB0842EE71 /* ofxUnicode */ = {
			isa = PBXGroup;
			children = (
				EDB6E66F21E3A65060CA0833 /* src */,
				6AC1BBA537347FB96E2D8F8A /* libs */,
			);
			name = ofxUnicode;
			sourceTree = "<group>";
		};
		E4328144138ABC890047C5CB /* Products */ = {
			isa = PBXGroup;
			children = (
				E4328148138ABC890047C5CB /* openFrameworksDebug.a */,
			);
			name = Products;
			sourceTree = "<group>";
		};
		E4B69B4A0A3A1720003C02F2 = {
			isa = PBXGroup;
			children = (
				E4B6FCAD0C3E899E008CF71C /* openFrameworks-Info.plist */,
				E4EB6923138AFD0F00A09F29 /* Project.xcconfig */,
				E4B69E1C0A3A1BDC003C02F2 /* src */,
				E4EEC9E9138DF44700A80321 /* openFrameworks */,
				BB4B014C10F69532006C3DED /* addons */,
				6948EE371B920CB800B5AC1A /* local_addons */,
				E4B69B5B0A3A1756003C02F2 /* test_FontStashDebug.app */,
			);
			sourceTree = "<group>";
		};
		E4B69E1C0A3A1BDC003C02F2 /* src */ = {
			isa = PBXGroup;
			children = (
				E4B69E1D0A3A1BDC003C02F2 /* main.cpp */,
				E4B69E1E0A3A1BDC003C02F2 /* ofApp.cpp */,
				E4B69E1F0A3A1BDC003C02F2 /* ofApp.h */,
			);
			path = src;
			sourceTree = SOURCE_ROOT;
		};
		E4EEC9E9138DF44700A80321 /* openFrameworks */ = {
			isa = PBXGroup;
			children = (
				E4EB691F138AFCF100A09F29 /* CoreOF.xcconfig */,
				E4328143138ABC890047C5CB /* openFrameworksLib.xcodeproj */,
			);
			name = openFrameworks;
			sourceTree = "<group>";
		};
		E928C193989D93F56354A05C /* include */ = {
			isa = PBXGroup;
			children = (
				6E3AE1A5F6F0D6F75C66C1CC /* utf8 */,
				E8BFFBD7382B36DC6B6B876E /* utf8.h */,
			);
			name = include;
			sourceTree = "<group>";
		};
		EDB6E66F21E3A65060CA0833 /* src */ = {
			isa = PBXGroup;
			children = (
				8BF1B7E7C1C21FE45AB73E04 /* ofTextConverter.cpp */,
				2A290CAAF51BCF4C00277C55 /* ofTextConverter.h */,
				45FD7CA9F83C2CD563A7A5F4 /* ofUTF8.cpp */,
				1EE77CC72B6BF6921CD961C9 /* ofUTF8.h */,
				BF5ED97D22CC6C9BE6B5B00B /* ofxUnicode.cpp */,
				98B25A7A7707F1484A3FE476 /* ofxUnicode.h */,
			);
			name = src;
			sourceTree = "<group>";
		};
		EE9FC485BA17E42108FEDBF5 /* src */ = {
			isa = PBXGroup;
			children = (
				D8A535D3474A0EAB684CAC5D /* ofxFontStash.cpp */,
				093C39E85E4407D3C432539E /* ofxFontStash.h */,
			);
			name = src;
			sourceTree = "<group>";
		};
/* End PBXGroup section */

/* Begin PBXNativeTarget section */
		E4B69B5A0A3A1756003C02F2 /* test_FontStash */ = {
			isa = PBXNativeTarget;
			buildConfigurationList = E4B69B5F0A3A1757003C02F2 /* Build configuration list for PBXNativeTarget "test_FontStash" */;
			buildPhases = (
				E4B69B580A3A1756003C02F2 /* Sources */,
				E4B69B590A3A1756003C02F2 /* Frameworks */,
				E4B6FFFD0C3F9AB9008CF71C /* ShellScript */,
				E4C2427710CC5ABF004149E2 /* CopyFiles */,
				8466F1851C04CA0E00918B1C /* ShellScript */,
			);
			buildRules = (
			);
			dependencies = (
				E4EEB9AC138B136A00A80321 /* PBXTargetDependency */,
			);
			name = test_FontStash;
			productName = myOFApp;
			productReference = E4B69B5B0A3A1756003C02F2 /* test_FontStashDebug.app */;
			productType = "com.apple.product-type.application";
		};
/* End PBXNativeTarget section */

/* Begin PBXProject section */
		E4B69B4C0A3A1720003C02F2 /* Project object */ = {
			isa = PBXProject;
			attributes = {
				LastUpgradeCheck = 0600;
			};
			buildConfigurationList = E4B69B4D0A3A1720003C02F2 /* Build configuration list for PBXProject "test_FontStash" */;
			compatibilityVersion = "Xcode 3.2";
			developmentRegion = English;
			hasScannedForEncodings = 0;
			knownRegions = (
				English,
				Japanese,
				French,
				German,
			);
			mainGroup = E4B69B4A0A3A1720003C02F2;
			productRefGroup = E4B69B4A0A3A1720003C02F2;
			projectDirPath = "";
			projectReferences = (
				{
					ProductGroup = E4328144138ABC890047C5CB /* Products */;
					ProjectRef = E4328143138ABC890047C5CB /* openFrameworksLib.xcodeproj */;
				},
			);
			projectRoot = "";
			targets = (
				E4B69B5A0A3A1756003C02F2 /* test_FontStash */,
			);
		};
/* End PBXProject section */

/* Begin PBXReferenceProxy section */
		E4328148138ABC890047C5CB /* openFrameworksDebug.a */ = {
			isa = PBXReferenceProxy;
			fileType = archive.ar;
			path = openFrameworksDebug.a;
			remoteRef = E4328147138ABC890047C5CB /* PBXContainerItemProxy */;
			sourceTree = BUILT_PRODUCTS_DIR;
		};
/* End PBXReferenceProxy section */

/* Begin PBXShellScriptBuildPhase section */
		8466F1851C04CA0E00918B1C /* ShellScript */ = {
			isa = PBXShellScriptBuildPhase;
			buildActionMask = 12;
			files = (
			);
			inputPaths = (
			);
			outputPaths = (
			);
			runOnlyForDeploymentPostprocessing = 0;
			shellPath = /bin/sh;
			shellScript = "echo \"$GCC_PREPROCESSOR_DEFINITIONS\";\nAPPSTORE=`expr \"$GCC_PREPROCESSOR_DEFINITIONS\" : \".*APPSTORE=\\([0-9]*\\)\"`\nif [ -z \"$APPSTORE\" ] ; then\necho \"Note: Not copying bin/data to App Package or doing App Code signing. Use AppStore target for AppStore distribution\";\nelse\n# Copy bin/data into App/Resources\nrsync -avz --exclude='.DS_Store' \"${SRCROOT}/bin/data/\" \"${TARGET_BUILD_DIR}/${UNLOCALIZED_RESOURCES_FOLDER_PATH}/data/\"\n\n# ---- Code Sign App Package ----\n \n# WARNING: You may have to run Clean in Xcode after changing CODE_SIGN_IDENTITY!\n\n# Verify that $CODE_SIGN_IDENTITY is set\nif [ -z \"${CODE_SIGN_IDENTITY}\" ] ; then\necho \"CODE_SIGN_IDENTITY needs to be set for framework code-signing\"\nexit 0\nfi\n\nif [ -z \"${CODE_SIGN_ENTITLEMENTS}\" ] ; then\necho \"CODE_SIGN_ENTITLEMENTS needs to be set for framework code-signing!\"\n\nif [ \"${CONFIGURATION}\" = \"Release\" ] ; then\nexit 1\nelse\n# Code-signing is optional for non-release builds.\nexit 0\nfi\nfi\n\nITEMS=\"\"\n\nFRAMEWORKS_DIR=\"${TARGET_BUILD_DIR}/${FRAMEWORKS_FOLDER_PATH}\"\necho \"$FRAMEWORKS_DIR\"\nif [ -d \"$FRAMEWORKS_DIR\" ] ; then\nFRAMEWORKS=$(find \"${FRAMEWORKS_DIR}\" -depth -type d -name \"*.framework\" -or -name \"*.dylib\" -or -name \"*.bundle\" | sed -e \"s/\\(.*framework\\)/\\1\\/Versions\\/A\\//\")\nRESULT=$?\nif [[ $RESULT != 0 ]] ; then\nexit 1\nfi\n\nITEMS=\"${FRAMEWORKS}\"\nfi\n\nLOGINITEMS_DIR=\"${TARGET_BUILD_DIR}/${CONTENTS_FOLDER_PATH}/Library/LoginItems/\"\nif [ -d \"$LOGINITEMS_DIR\" ] ; then\nLOGINITEMS=$(find \"${LOGINITEMS_DIR}\" -depth -type d -name \"*.app\")\nRESULT=$?\nif [[ $RESULT != 0 ]] ; then\nexit 1\nfi\n\nITEMS=\"${ITEMS}\"$'\\n'\"${LOGINITEMS}\"\nfi\n\n# Prefer the expanded name, if available.\nCODE_SIGN_IDENTITY_FOR_ITEMS=\"${EXPANDED_CODE_SIGN_IDENTITY_NAME}\"\nif [ \"${CODE_SIGN_IDENTITY_FOR_ITEMS}\" = \"\" ] ; then\n# Fall back to old behavior.\nCODE_SIGN_IDENTITY_FOR_ITEMS=\"${CODE_SIGN_IDENTITY}\"\nfi\n\necho \"Identity:\"\necho \"${CODE_SIGN_IDENTITY_FOR_ITEMS}\"\n\necho \"Entitlements:\"\necho \"${CODE_SIGN_ENTITLEMENTS}\"\n\necho \"Found:\"\necho \"${ITEMS}\"\n\n# Change the Internal Field Separator (IFS) so that spaces in paths will not cause problems below.\nSAVED_IFS=$IFS\nIFS=$(echo -en \"\\n\\b\")\n\n# Loop through all items.\nfor ITEM in $ITEMS;\ndo\necho \"Signing '${ITEM}'\"\ncodesign --force --verbose --sign \"${CODE_SIGN_IDENTITY_FOR_ITEMS}\" --entitlements \"${CODE_SIGN_ENTITLEMENTS}\" \"${ITEM}\"\nRESULT=$?\nif [[ $RESULT != 0 ]] ; then\necho \"Failed to sign '${ITEM}'.\"\nIFS=$SAVED_IFS\nexit 1\nfi\ndone\n\n# Restore $IFS.\nIFS=$SAVED_IFS\n\nfi\n";
		};
		E4B6FFFD0C3F9AB9008CF71C /* ShellScript */ = {
			isa = PBXShellScriptBuildPhase;
			buildActionMask = 2147483647;
			files = (
			);
			inputPaths = (
			);
			outputPaths = (
			);
			runOnlyForDeploymentPostprocessing = 0;
			shellPath = /bin/sh;
			shellScript = "mkdir -p \"$TARGET_BUILD_DIR/$PRODUCT_NAME.app/Contents/Resources/\"\n# Copy default icon file into App/Resources\nrsync -aved \"$ICON_FILE\" \"$TARGET_BUILD_DIR/$PRODUCT_NAME.app/Contents/Resources/\"\n# Copy libfmod and change install directory for fmod to run\nrsync -aved ../../../libs/fmodex/lib/osx/libfmodex.dylib \"$TARGET_BUILD_DIR/$PRODUCT_NAME.app/Contents/Frameworks/\";\ninstall_name_tool -change @executable_path/libfmodex.dylib @executable_path/../Frameworks/libfmodex.dylib \"$TARGET_BUILD_DIR/$PRODUCT_NAME.app/Contents/MacOS/$PRODUCT_NAME\";\n\necho \"$GCC_PREPROCESSOR_DEFINITIONS\";\nAPPSTORE=`expr \"$GCC_PREPROCESSOR_DEFINITIONS\" : \".*APPSTORE=\\([0-9]*\\)\"`\nif [ -z \"${APPSTORE}\" ] ; then\necho \"Copying GLUT framework\";\n# Copy GLUT framework (must remove for AppStore submissions)\nrsync -aved ../../../libs/glut/lib/osx/GLUT.framework \"$TARGET_BUILD_DIR/$PRODUCT_NAME.app/Contents/Frameworks/\"\nelse\necho \"Not including GLUT\";\nfi\n";
		};
/* End PBXShellScriptBuildPhase section */

/* Begin PBXSourcesBuildPhase section */
		E4B69B580A3A1756003C02F2 /* Sources */ = {
			isa = PBXSourcesBuildPhase;
			buildActionMask = 2147483647;
			files = (
				E4B69E200A3A1BDC003C02F2 /* main.cpp in Sources */,
				E4B69E210A3A1BDC003C02F2 /* ofApp.cpp in Sources */,
				7B388D550037229D99E7F52A /* ofxFontStash.cpp in Sources */,
				801397981E78A4CBDE809376 /* fontstash.c in Sources */,
				1AB277871CCA291C0091566B /* ofxBaseGui.cpp in Sources */,
				522FFFB6EB3DA57CCB07EF9A /* stb_truetype.c in Sources */,
				1AB2778A1CCA291C0091566B /* ofxLabel.cpp in Sources */,
				B0F2688D773B5C8FB13237F8 /* ofTextConverter.cpp in Sources */,
				1AB2778C1CCA291C0091566B /* ofxSlider.cpp in Sources */,
				1AB2778B1CCA291C0091566B /* ofxPanel.cpp in Sources */,
				1AB2778D1CCA291C0091566B /* ofxSliderGroup.cpp in Sources */,
				1AB277891CCA291C0091566B /* ofxGuiGroup.cpp in Sources */,
				AD7CCE180C5BEF646A1B62E1 /* ofUTF8.cpp in Sources */,
				1AB2778E1CCA291C0091566B /* ofxToggle.cpp in Sources */,
				E5ED3EB59D95734816575F02 /* ofxUnicode.cpp in Sources */,
				1AB277881CCA291C0091566B /* ofxButton.cpp in Sources */,
			);
			runOnlyForDeploymentPostprocessing = 0;
		};
/* End PBXSourcesBuildPhase section */

/* Begin PBXTargetDependency section */
		E4EEB9AC138B136A00A80321 /* PBXTargetDependency */ = {
			isa = PBXTargetDependency;
			name = openFrameworks;
			targetProxy = E4EEB9AB138B136A00A80321 /* PBXContainerItemProxy */;
		};
/* End PBXTargetDependency section */

/* Begin XCBuildConfiguration section */
		99FA3DBB1C7456C400CFA0EE /* AppStore */ = {
			isa = XCBuildConfiguration;
			baseConfigurationReference = E4EB6923138AFD0F00A09F29 /* Project.xcconfig */;
			buildSettings = {
				CONFIGURATION_BUILD_DIR = "$(SRCROOT)/bin/";
				COPY_PHASE_STRIP = YES;
				DEAD_CODE_STRIPPING = YES;
				GCC_AUTO_VECTORIZATION = YES;
				GCC_ENABLE_SSE3_EXTENSIONS = YES;
				GCC_ENABLE_SUPPLEMENTAL_SSE3_INSTRUCTIONS = YES;
				GCC_INLINES_ARE_PRIVATE_EXTERN = NO;
				GCC_OPTIMIZATION_LEVEL = 3;
				"GCC_PREPROCESSOR_DEFINITIONS[arch=*]" = "DISTRIBUTION=1";
				GCC_SYMBOLS_PRIVATE_EXTERN = NO;
				GCC_UNROLL_LOOPS = YES;
				GCC_WARN_ABOUT_DEPRECATED_FUNCTIONS = YES;
				GCC_WARN_ABOUT_INVALID_OFFSETOF_MACRO = NO;
				GCC_WARN_ALLOW_INCOMPLETE_PROTOCOL = NO;
				GCC_WARN_UNINITIALIZED_AUTOS = NO;
				GCC_WARN_UNUSED_VALUE = NO;
				GCC_WARN_UNUSED_VARIABLE = NO;
				HEADER_SEARCH_PATHS = (
					"$(OF_CORE_HEADERS)",
					../../../addons/ofxFontStash/libs,
					../../../addons/ofxFontStash/libs/fontstash,
					../../../addons/ofxFontStash/libs/fontstash/src,
					../../../addons/ofxFontStash/src,
					../../../addons/ofxUnicode/libs,
					../../../addons/ofxUnicode/libs/utf8cpp,
					../../../addons/ofxUnicode/libs/utf8cpp/include,
					../../../addons/ofxUnicode/libs/utf8cpp/include/utf8,
					../../../addons/ofxUnicode/libs/utf8cpp/src,
					../../../addons/ofxUnicode/libs/utf8cpp/src/utf8_v2_3_1,
					../../../addons/ofxUnicode/libs/utf8cpp/src/utf8_v2_3_1/doc,
					../../../addons/ofxUnicode/libs/utf8cpp/src/utf8_v2_3_1/source,
					../../../addons/ofxUnicode/libs/utf8cpp/src/utf8_v2_3_1/source/utf8,
					../../../addons/ofxUnicode/src,
				);
				MACOSX_DEPLOYMENT_TARGET = 10.8;
				OTHER_CPLUSPLUSFLAGS = (
					"-D__MACOSX_CORE__",
					"-mtune=native",
				);
				SDKROOT = macosx;
			};
			name = AppStore;
		};
		99FA3DBC1C7456C400CFA0EE /* AppStore */ = {
			isa = XCBuildConfiguration;
			baseConfigurationReference = E4EB6923138AFD0F00A09F29 /* Project.xcconfig */;
			buildSettings = {
				COMBINE_HIDPI_IMAGES = YES;
				COPY_PHASE_STRIP = YES;
				FRAMEWORK_SEARCH_PATHS = (
					"$(inherited)",
					"$(FRAMEWORK_SEARCH_PATHS_QUOTED_FOR_TARGET_1)",
				);
				FRAMEWORK_SEARCH_PATHS_QUOTED_FOR_TARGET_1 = "\"$(SRCROOT)/../../../libs/glut/lib/osx\"";
				GCC_GENERATE_DEBUGGING_SYMBOLS = YES;
				GCC_MODEL_TUNING = NONE;
				"GCC_PREPROCESSOR_DEFINITIONS[arch=*]" = "APPSTORE=1";
				HEADER_SEARCH_PATHS = (
					"$(OF_CORE_HEADERS)",
					../../../addons/ofxFontStash/libs,
					../../../addons/ofxFontStash/libs/fontstash,
					../../../addons/ofxFontStash/libs/fontstash/src,
					../../../addons/ofxFontStash/src,
					../../../addons/ofxUnicode/libs,
					../../../addons/ofxUnicode/libs/utf8cpp,
					../../../addons/ofxUnicode/libs/utf8cpp/include,
					../../../addons/ofxUnicode/libs/utf8cpp/include/utf8,
					../../../addons/ofxUnicode/libs/utf8cpp/src,
					../../../addons/ofxUnicode/libs/utf8cpp/src/utf8_v2_3_1,
					../../../addons/ofxUnicode/libs/utf8cpp/src/utf8_v2_3_1/doc,
					../../../addons/ofxUnicode/libs/utf8cpp/src/utf8_v2_3_1/source,
					../../../addons/ofxUnicode/libs/utf8cpp/src/utf8_v2_3_1/source/utf8,
					../../../addons/ofxUnicode/src,
				);
				ICON = "$(ICON_NAME_RELEASE)";
				ICON_FILE = "$(ICON_FILE_PATH)$(ICON)";
				INFOPLIST_FILE = "openFrameworks-Info.plist";
				INSTALL_PATH = /Applications;
				LIBRARY_SEARCH_PATHS = "$(inherited)";
				PRODUCT_NAME = "$(TARGET_NAME)";
				USER_HEADER_SEARCH_PATHS = "";
				WRAPPER_EXTENSION = app;
				baseConfigurationReference = E4EB6923138AFD0F00A09F29;
			};
			name = AppStore;
		};
		E4B69B4E0A3A1720003C02F2 /* Debug */ = {
			isa = XCBuildConfiguration;
			baseConfigurationReference = E4EB6923138AFD0F00A09F29 /* Project.xcconfig */;
			buildSettings = {
				CONFIGURATION_BUILD_DIR = "$(SRCROOT)/bin/";
				COPY_PHASE_STRIP = NO;
				DEAD_CODE_STRIPPING = YES;
				GCC_AUTO_VECTORIZATION = YES;
				GCC_ENABLE_SSE3_EXTENSIONS = YES;
				GCC_ENABLE_SUPPLEMENTAL_SSE3_INSTRUCTIONS = YES;
				GCC_INLINES_ARE_PRIVATE_EXTERN = NO;
				GCC_OPTIMIZATION_LEVEL = 0;
				GCC_SYMBOLS_PRIVATE_EXTERN = NO;
				GCC_WARN_ABOUT_DEPRECATED_FUNCTIONS = YES;
				GCC_WARN_ABOUT_INVALID_OFFSETOF_MACRO = NO;
				GCC_WARN_ALLOW_INCOMPLETE_PROTOCOL = NO;
				GCC_WARN_UNINITIALIZED_AUTOS = NO;
				GCC_WARN_UNUSED_VALUE = NO;
				GCC_WARN_UNUSED_VARIABLE = NO;
				HEADER_SEARCH_PATHS = (
					"$(OF_CORE_HEADERS)",
					../../../addons/ofxFontStash/libs,
					../../../addons/ofxFontStash/libs/fontstash,
					../../../addons/ofxFontStash/libs/fontstash/src,
					../../../addons/ofxFontStash/src,
					../../../addons/ofxUnicode/libs,
					../../../addons/ofxUnicode/libs/utf8cpp,
					../../../addons/ofxUnicode/libs/utf8cpp/include,
					../../../addons/ofxUnicode/libs/utf8cpp/include/utf8,
					../../../addons/ofxUnicode/libs/utf8cpp/src,
					../../../addons/ofxUnicode/libs/utf8cpp/src/utf8_v2_3_1,
					../../../addons/ofxUnicode/libs/utf8cpp/src/utf8_v2_3_1/doc,
					../../../addons/ofxUnicode/libs/utf8cpp/src/utf8_v2_3_1/source,
					../../../addons/ofxUnicode/libs/utf8cpp/src/utf8_v2_3_1/source/utf8,
					../../../addons/ofxUnicode/src,
				);
				MACOSX_DEPLOYMENT_TARGET = 10.8;
				ONLY_ACTIVE_ARCH = YES;
				OTHER_CPLUSPLUSFLAGS = (
					"-D__MACOSX_CORE__",
					"-mtune=native",
				);
				SDKROOT = macosx;
			};
			name = Debug;
		};
		E4B69B4F0A3A1720003C02F2 /* Release */ = {
			isa = XCBuildConfiguration;
			baseConfigurationReference = E4EB6923138AFD0F00A09F29 /* Project.xcconfig */;
			buildSettings = {
				CONFIGURATION_BUILD_DIR = "$(SRCROOT)/bin/";
				COPY_PHASE_STRIP = YES;
				DEAD_CODE_STRIPPING = YES;
				GCC_AUTO_VECTORIZATION = YES;
				GCC_ENABLE_SSE3_EXTENSIONS = YES;
				GCC_ENABLE_SUPPLEMENTAL_SSE3_INSTRUCTIONS = YES;
				GCC_INLINES_ARE_PRIVATE_EXTERN = NO;
				GCC_OPTIMIZATION_LEVEL = 3;
				GCC_SYMBOLS_PRIVATE_EXTERN = NO;
				GCC_UNROLL_LOOPS = YES;
				GCC_WARN_ABOUT_DEPRECATED_FUNCTIONS = YES;
				GCC_WARN_ABOUT_INVALID_OFFSETOF_MACRO = NO;
				GCC_WARN_ALLOW_INCOMPLETE_PROTOCOL = NO;
				GCC_WARN_UNINITIALIZED_AUTOS = NO;
				GCC_WARN_UNUSED_VALUE = NO;
				GCC_WARN_UNUSED_VARIABLE = NO;
				HEADER_SEARCH_PATHS = (
					"$(OF_CORE_HEADERS)",
					../../../addons/ofxFontStash/libs,
					../../../addons/ofxFontStash/libs/fontstash,
					../../../addons/ofxFontStash/libs/fontstash/src,
					../../../addons/ofxFontStash/src,
					../../../addons/ofxUnicode/libs,
					../../../addons/ofxUnicode/libs/utf8cpp,
					../../../addons/ofxUnicode/libs/utf8cpp/include,
					../../../addons/ofxUnicode/libs/utf8cpp/include/utf8,
					../../../addons/ofxUnicode/libs/utf8cpp/src,
					../../../addons/ofxUnicode/libs/utf8cpp/src/utf8_v2_3_1,
					../../../addons/ofxUnicode/libs/utf8cpp/src/utf8_v2_3_1/doc,
					../../../addons/ofxUnicode/libs/utf8cpp/src/utf8_v2_3_1/source,
					../../../addons/ofxUnicode/libs/utf8cpp/src/utf8_v2_3_1/source/utf8,
					../../../addons/ofxUnicode/src,
				);
				MACOSX_DEPLOYMENT_TARGET = 10.8;
				OTHER_CPLUSPLUSFLAGS = (
					"-D__MACOSX_CORE__",
					"-mtune=native",
				);
				SDKROOT = macosx;
			};
			name = Release;
		};
		E4B69B600A3A1757003C02F2 /* Debug */ = {
			isa = XCBuildConfiguration;
			baseConfigurationReference = E4EB6923138AFD0F00A09F29 /* Project.xcconfig */;
			buildSettings = {
				COMBINE_HIDPI_IMAGES = YES;
				COPY_PHASE_STRIP = NO;
				FRAMEWORK_SEARCH_PATHS = (
					"$(inherited)",
					"$(FRAMEWORK_SEARCH_PATHS_QUOTED_FOR_TARGET_1)",
				);
				FRAMEWORK_SEARCH_PATHS_QUOTED_FOR_TARGET_1 = "\"$(SRCROOT)/../../../libs/glut/lib/osx\"";
				GCC_DYNAMIC_NO_PIC = NO;
				GCC_GENERATE_DEBUGGING_SYMBOLS = YES;
				GCC_MODEL_TUNING = NONE;
				HEADER_SEARCH_PATHS = (
					"$(OF_CORE_HEADERS)",
					../../../addons/ofxFontStash/libs,
					../../../addons/ofxFontStash/libs/fontstash,
					../../../addons/ofxFontStash/libs/fontstash/src,
					../../../addons/ofxFontStash/src,
					../../../addons/ofxUnicode/libs,
					../../../addons/ofxUnicode/libs/utf8cpp,
					../../../addons/ofxUnicode/libs/utf8cpp/include,
					../../../addons/ofxUnicode/libs/utf8cpp/include/utf8,
					../../../addons/ofxUnicode/libs/utf8cpp/src,
					../../../addons/ofxUnicode/libs/utf8cpp/src/utf8_v2_3_1,
					../../../addons/ofxUnicode/libs/utf8cpp/src/utf8_v2_3_1/doc,
					../../../addons/ofxUnicode/libs/utf8cpp/src/utf8_v2_3_1/source,
					../../../addons/ofxUnicode/libs/utf8cpp/src/utf8_v2_3_1/source/utf8,
					../../../addons/ofxUnicode/src,
				);
				ICON = "$(ICON_NAME_DEBUG)";
				ICON_FILE = "$(ICON_FILE_PATH)$(ICON)";
				INFOPLIST_FILE = "openFrameworks-Info.plist";
				INSTALL_PATH = /Applications;
				LIBRARY_SEARCH_PATHS = "$(inherited)";
				PRODUCT_NAME = "$(TARGET_NAME)Debug";
				USER_HEADER_SEARCH_PATHS = "";
				WRAPPER_EXTENSION = app;
			};
			name = Debug;
		};
		E4B69B610A3A1757003C02F2 /* Release */ = {
			isa = XCBuildConfiguration;
			baseConfigurationReference = E4EB6923138AFD0F00A09F29 /* Project.xcconfig */;
			buildSettings = {
				COMBINE_HIDPI_IMAGES = YES;
				COPY_PHASE_STRIP = YES;
				FRAMEWORK_SEARCH_PATHS = (
					"$(inherited)",
					"$(FRAMEWORK_SEARCH_PATHS_QUOTED_FOR_TARGET_1)",
				);
				FRAMEWORK_SEARCH_PATHS_QUOTED_FOR_TARGET_1 = "\"$(SRCROOT)/../../../libs/glut/lib/osx\"";
				GCC_GENERATE_DEBUGGING_SYMBOLS = YES;
				GCC_MODEL_TUNING = NONE;
				HEADER_SEARCH_PATHS = (
					"$(OF_CORE_HEADERS)",
					../../../addons/ofxFontStash/libs,
					../../../addons/ofxFontStash/libs/fontstash,
					../../../addons/ofxFontStash/libs/fontstash/src,
					../../../addons/ofxFontStash/src,
					../../../addons/ofxUnicode/libs,
					../../../addons/ofxUnicode/libs/utf8cpp,
					../../../addons/ofxUnicode/libs/utf8cpp/include,
					../../../addons/ofxUnicode/libs/utf8cpp/include/utf8,
					../../../addons/ofxUnicode/libs/utf8cpp/src,
					../../../addons/ofxUnicode/libs/utf8cpp/src/utf8_v2_3_1,
					../../../addons/ofxUnicode/libs/utf8cpp/src/utf8_v2_3_1/doc,
					../../../addons/ofxUnicode/libs/utf8cpp/src/utf8_v2_3_1/source,
					../../../addons/ofxUnicode/libs/utf8cpp/src/utf8_v2_3_1/source/utf8,
					../../../addons/ofxUnicode/src,
				);
				ICON = "$(ICON_NAME_RELEASE)";
				ICON_FILE = "$(ICON_FILE_PATH)$(ICON)";
				INFOPLIST_FILE = "openFrameworks-Info.plist";
				INSTALL_PATH = /Applications;
				LIBRARY_SEARCH_PATHS = "$(inherited)";
				PRODUCT_NAME = "$(TARGET_NAME)";
				USER_HEADER_SEARCH_PATHS = "";
				WRAPPER_EXTENSION = app;
				baseConfigurationReference = E4EB6923138AFD0F00A09F29;
			};
			name = Release;
		};
/* End XCBuildConfiguration section */

/* Begin XCConfigurationList section */
		E4B69B4D0A3A1720003C02F2 /* Build configuration list for PBXProject "test_FontStash" */ = {
			isa = XCConfigurationList;
			buildConfigurations = (
				E4B69B4E0A3A1720003C02F2 /* Debug */,
				E4B69B4F0A3A1720003C02F2 /* Release */,
				99FA3DBB1C7456C400CFA0EE /* AppStore */,
			);
			defaultConfigurationIsVisible = 0;
			defaultConfigurationName = Release;
		};
		E4B69B5F0A3A1757003C02F2 /* Build configuration list for PBXNativeTarget "test_FontStash" */ = {
			isa = XCConfigurationList;
			buildConfigurations = (
				E4B69B600A3A1757003C02F2 /* Debug */,
				E4B69B610A3A1757003C02F2 /* Release */,
				99FA3DBC1C7456C400CFA0EE /* AppStore */,
			);
			defaultConfigurationIsVisible = 0;
			defaultConfigurationName = Release;
		};
/* End XCConfigurationList section */
	};
	rootObject = E4B69B4C0A3A1720003C02F2 /* Project object */;
}
